
Microsoft Visual Studio Solution File, Format Version 12.00
# Visual Studio Version 16
VisualStudioVersion = 16.0.31129.286
MinimumVisualStudioVersion = 10.0.40219.1
Project("{9A19103F-16F7-4668-BE54-9A1E7A4F7556}") = "ConsoleCalculator", "ConsoleCalculatorTest\ConsoleCalculator.csproj", "{5A9FA121-3BE8-4CC9-8EC9-4260ACCF7F66}"
EndProject
Project("{9A19103F-16F7-4668-BE54-9A1E7A4F7556}") = "ParserTests", "ParserTests\ParserTests.csproj", "{514360DE-3FDC-4199-8B67-1EFB7ECEA984}"
EndProject
Project("{FAE04EC0-301F-11D3-BF4B-00C04F79EFBC}") = "CalculatorTests", "CalculatorTests\CalculatorTests.csproj", "{9F38F381-6CBD-4F4C-8343-5790064723B7}"
EndProject
Global
	GlobalSection(SolutionConfigurationPlatforms) = preSolution
		Debug|Any CPU = Debug|Any CPU
		Release|Any CPU = Release|Any CPU
	EndGlobalSection
	GlobalSection(ProjectConfigurationPlatforms) = postSolution
		{5A9FA121-3BE8-4CC9-8EC9-4260ACCF7F66}.Debug|Any CPU.ActiveCfg = Debug|Any CPU
		{5A9FA121-3BE8-4CC9-8EC9-4260ACCF7F66}.Debug|Any CPU.Build.0 = Debug|Any CPU
		{5A9FA121-3BE8-4CC9-8EC9-4260ACCF7F66}.Release|Any CPU.ActiveCfg = Release|Any CPU
		{5A9FA121-3BE8-4CC9-8EC9-4260ACCF7F66}.Release|Any CPU.Build.0 = Release|Any CPU
		{514360DE-3FDC-4199-8B67-1EFB7ECEA984}.Debug|Any CPU.ActiveCfg = Debug|Any CPU
		{514360DE-3FDC-4199-8B67-1EFB7ECEA984}.Debug|Any CPU.Build.0 = Debug|Any CPU
		{514360DE-3FDC-4199-8B67-1EFB7ECEA984}.Release|Any CPU.ActiveCfg = Release|Any CPU
		{514360DE-3FDC-4199-8B67-1EFB7ECEA984}.Release|Any CPU.Build.0 = Release|Any CPU
		{9F38F381-6CBD-4F4C-8343-5790064723B7}.Debug|Any CPU.ActiveCfg = Debug|Any CPU
		{9F38F381-6CBD-4F4C-8343-5790064723B7}.Debug|Any CPU.Build.0 = Debug|Any CPU
		{9F38F381-6CBD-4F4C-8343-5790064723B7}.Release|Any CPU.ActiveCfg = Release|Any CPU
		{9F38F381-6CBD-4F4C-8343-5790064723B7}.Release|Any CPU.Build.0 = Release|Any CPU
	EndGlobalSection
	GlobalSection(SolutionProperties) = preSolution
		HideSolutionNode = FALSE
	EndGlobalSection
	GlobalSection(ExtensibilityGlobals) = postSolution
		SolutionGuid = {DD4B6A96-8E01-46DE-A849-A2C2AD09ED4F}
	EndGlobalSection
EndGlobal
